
Microsoft Visual Studio Solution File, Format Version 12.00
# Visual Studio Version 17
VisualStudioVersion = 17.13.35913.81 d17.13
MinimumVisualStudioVersion = 10.0.40219.1
Project("{FAE04EC0-301F-11D3-BF4B-00C04F79EFBC}") = "CLASS_04", "CLASS_04\CLASS_04.csproj", "{09B63178-124B-4784-BEE7-DE212572301D}"
EndProject
Project("{FAE04EC0-301F-11D3-BF4B-00C04F79EFBC}") = "Test1", "Test1\Test1.csproj", "{75EE6D14-C715-491D-AA05-122E14F02C6C}"
EndProject
Global
	GlobalSection(SolutionConfigurationPlatforms) = preSolution
		Debug|Any CPU = Debug|Any CPU
		Release|Any CPU = Release|Any CPU
	EndGlobalSection
	GlobalSection(ProjectConfigurationPlatforms) = postSolution
		{09B63178-124B-4784-BEE7-DE212572301D}.Debug|Any CPU.ActiveCfg = Debug|Any CPU
		{09B63178-124B-4784-BEE7-DE212572301D}.Debug|Any CPU.Build.0 = Debug|Any CPU
		{09B63178-124B-4784-BEE7-DE212572301D}.Release|Any CPU.ActiveCfg = Release|Any CPU
		{09B63178-124B-4784-BEE7-DE212572301D}.Release|Any CPU.Build.0 = Release|Any CPU
		{75EE6D14-C715-491D-AA05-122E14F02C6C}.Debug|Any CPU.ActiveCfg = Debug|Any CPU
		{75EE6D14-C715-491D-AA05-122E14F02C6C}.Debug|Any CPU.Build.0 = Debug|Any CPU
		{75EE6D14-C715-491D-AA05-122E14F02C6C}.Release|Any CPU.ActiveCfg = Release|Any CPU
		{75EE6D14-C715-491D-AA05-122E14F02C6C}.Release|Any CPU.Build.0 = Release|Any CPU
	EndGlobalSection
	GlobalSection(SolutionProperties) = preSolution
		HideSolutionNode = FALSE
	EndGlobalSection
	GlobalSection(ExtensibilityGlobals) = postSolution
		SolutionGuid = {C69ADAB9-D7DA-441C-835C-93CD2026662D}
	EndGlobalSection
EndGlobal
